{
  "name": "homework-photo-app-web",
  "version": "1.0.0",
  "lockfileVersion": 3,
  "requires": true,
  "packages": {
    "": {
      "name": "homework-photo-app-web",
      "version": "1.0.0",
      "dependencies": {
        "react": "^18.2.0",
        "react-dom": "^18.2.0",
        "axios": "^1.6.0"
      },
      "devDependencies": {
        "@vitejs/plugin-react": "^4.2.0",
        "vite": "^5.0.0"
      }
    },
    "node_modules/@babel/code-frame": {
      "version": "7.23.5",
      "resolved": "https://registry.npmjs.org/@babel/code-frame/-/code-frame-7.23.5.tgz",
      "integrity": "sha512-CgH3s1a96LipHCmSoIM7Vs4OsO1Y/7BceuNjoJeJn2vqiZIW/2/L2xHQQvDSDtD4ZeZuSlH/6oCK6ZwNrs6Nw==",
      "dev": true,
      "dependencies": {
        "@babel/highlight": "^7.23.4"
      },
      "engines": {
        "node": ">=6.9.0"
      }
    },
    "node_modules/@babel/helper-validator-identifier": {
      "version": "7.22.20",
      "resolved": "https://registry.npmjs.org/@babel/helper-validator-identifier/-/helper-validator-identifier-7.22.20.tgz",
      "integrity": "sha512-Y4OZ+ytlatR8AI+8KZfKuL5urKp7qey08ha31L8b3BwewJAoJamTzyvxPR/5D+KkdJCGQofLLn2 mushPt4G4AQ==",
      "dev": true,
      "engines": {
        "node": ">=6.9.0"
      }
    },
    "node_modules/@babel/highlight": {
      "version": "7.23.4",
      "resolved": "https://registry.npmjs.org/@babel/highlight/-/highlight-7.23.4.tgz",
      "integrity": "sha512-acbRVSL60z7/0fIapjM/M+bkgaLbzn2+/6brOkArtQmMM+Q2YNtn5JJANvMkyQmwj4mOtk2FRgeHqQmWpVRwVw==",
      "dev": true,
      "dependencies": {
        "@babel/helper-validator-identifier": "^7.22.20",
        "chalk": "^2.4.2",
        "js-tokens": "^4.0.0"
      },
      "engines": {
        "node": ">=6.9.0"
      }
    },
    "node_modules/@babel/highlight/node_modules/chalk": {
      "version": "2.4.2",
      "resolved": "https://registry.npmjs.org/chalk/-/chalk-2.4.2.tgz",
      "integrity": "sha512-Mti+f9lpJNcLj20eYSCOaE4kma3z6B6dAC89d7qH6eknuyS5+wFsbMUkL82SKc6HmeVqUH0I8B5HId6RI+orientation==",
      "dev": true,
      "dependencies": {
        "ansi-styles": "^3.2.1",
        "escape-string-regexp": "^1.0.5",
        "supports-color": "^5.3.0"
      },
      "engines": {
        "node": ">=4"
      }
    },
    "node_modules/@babel/highlight/node_modules/ansi-styles": {
      "version": "3.2.1",
      "resolved": "https://registry.npmjs.org/ansi-styles/-/ansi-styles-3.2.1.tgz",
      "integrity": "sha512-VT0ZI6kZRdTh8YyJw3SMbYm/u+NqfsAxEpWO0Pf9sq8/e94WxxOpPKx9FR1FlyCtOVDNOQ+8ntlqFxrRc9-RRQ==",
      "dev": true,
      "dependencies": {
        "color-convert": "^1.9.0"
      },
      "engines": {
        "node": ">=4"
      }
    },
    "node_modules/@babel/highlight/node_modules/color-convert": {
      "version": "1.9.3",
      "resolved": "https://registry.npmjs.org/color-convert/-/color-convert-1.9.3.tgz",
      "integrity": "sha512-QfAUtd+vFdAtaVQh7XwIwNT7jV4kq82L+5Kp4VivJQUltPLY329sTBQrcnCjF+RickeD6YK6BmqJ7UO5Snrw==",
      "dev": true,
      "dependencies": {
        "color-name": "1.1.3"
      }
    },
    "node_modules/@babel/highlight/node_modules/color-name": {
      "version": "1.1.3",
      "resolved": "https://registry.npmjs.org/color-name/-/color-name-1.1.3.tgz",
      "integrity": "sha512-BmNKVeNRV+5oC2K/Gk7/xNoKD6YwWP/++Ch2MF2aBK9qwqjaxQPLzTxSDopW8nSBq5b8En78VqylMSVeVB91Vw==",
      "dev": true
    },
    "node_modules/@babel/highlight/node_modules/escape-string-regexp": {
      "version": "1.0.5",
      "resolved": "https://registry.npmjs.org/escape-string-regexp/-/escape-string-regexp-1.0.5.tgz",
      "integrity": "sha512-vbRorB5FUQWvla16U8R/qgaFIJ2K9aXS4u3YLKn25QVcdIlMm3D9bjLMuul/ZohOv5j+cEV5fatty7qZ0R1BHw==",
      "dev": true,
      "engines": {
        "node": ">=0.8.0"
      }
    },
    "node_modules/@babel/highlight/node_modules/supports-color": {
      "version": "5.5.0",
      "resolved": "https://registry.npmjs.org/supports-color/-/supports-color-5.5.0.tgz",
      "integrity": "sha512-QjVjwdXIt408MIiAqCX69u/lIZywKfF0+0/ioIEAIXJbSSMc1u0r6P1 michele==",
      "dev": true,
      "dependencies": {
        "has-flag": "^3.0.0"
      },
      "engines": {
        "node": ">=4"
      }
    },
    "node_modules/@babel/highlight/node_modules/has-flag": {
      "version": "3.0.0",
      "resolved": "https://registry.npmjs.org/has-flag/-/has-flag-3.0.0.tgz",
      "integrity": "sha512-sDB1Wdb6z+gBF0G07Kv9sFlbTRGstgF8oA3K07H5C/photoS+nC5+PwzCUdulIS/B9+BgyWooFKe1pVMtQ3XiA==",
      "dev": true,
      "engines": {
        "node": ">=4"
      }
    },
    "node_modules/@esbuild/android-arm": {
      "version": "0.19.11",
      "resolved": "https://registry.npmjs.org/@esbuild/android-arm/-/android-arm-0.19.11.tgz",
      "integrity": "sha512-5OVapq0ClabqKY/bWuVYBCTkS7FvBHx3Bc3bVk98+QDYqQAzIrVDTp1tF680AabSMCnF82iYg65i1sPpBkV8g==",
      "cpu": [
        "arm"
      ],
      "dev": true,
      "optional": true,
      "os": [
        "android"
      ],
      "engines": {
        "node": ">=12"
      }
    },
    "node_modules/@esbuild/android-arm64": {
      "version": "0.19.11",
      "resolved": "https://registry.npmjs.org/@esbuild/android-arm64/-/android-arm64-0.19.11.tgz",
      "integrity": "sha512-aiu7K/5JnLj//KOnOfEZ0DqsPY57vja8JaAcFSq/FSVzv2/QQoDO4vysBXwYL9wNLWmCauph5L21gdiruASSXg==",
      "cpu": [
        "arm64"
      ],
      "dev": true,
      "optional": true,
      "os": [
        "android"
      ],
      "engines": {
        "node": ">=12"
      }
    },
    "node_modules/@esbuild/android-x64": {
      "version": "0.19.11",
      "resolved": "https://registry.npmjs.org/@esbuild/android-x64/-/android-x64-0.19.11.tgz",
      "integrity": "sha512-eccxjlfMUWAr7pIkHrSpzGQSKB94KO0DcsNqnZcFIQ61LBVmKSHF5yYTAJ2JTtsWnqdrIcGxWBESYc9+tNy8Uw==",
      "cpu": [
        "x64"
      ],
      "dev": true,
      "optional": true,
      "os": [
        "android"
      ],
      "engines": {
        "node": ">=12"
      }
    },
    "node_modules/@esbuild/darwin-arm64": {
      "version": "0.19.11",
      "resolved": "https://registry.npmjs.org/@esbuild/darwin-arm64/-/darwin-arm64-0.19.11.tgz",
      "integrity": "sha512-ETp87SyvxV4v0lCSrSpzvtfzh97p8R7tcQ2YMYLvWHwS+W5/0SlpBrHSpOVltQGtmoYWB8+DJMbD6RPdllhNDw==",
      "cpu": [
        "arm64"
      ],
      "dev": true,
      "optional": true,
      "os": [
        "darwin"
      ],
      "engines": {
        "node": ">=12"
      }
    },
    "node_modules/@esbuild/darwin-x64": {
      "version": "0.19.11",
      "resolved": "https://registry.npmjs.org/@esbuild/darwin-x64/-/darwin-x64-0.19.11.tgz",
      "integrity": "sha512-fXreS5+FjDQM+dHJcKqLBjsDm6y8DQnWyBTnfqBg7nqRe8tqzij+Z/lLkR7MwFc64l/q2t61kn7ClQAMxGnCMw==",
      "cpu": [
        "x64"
      ],
      "dev": true,
      "optional": true,
      "os": [
        "darwin"
      ],
      "engines": {
        "node": ">=12"
      }
    },
    "node_modules/@esbuild/freebsd-arm64": {
      "version": "0.19.11",
      "resolved": "https://registry.npmjs.org/@esbuild/freebsd-arm64/-/freebsd-arm64-0.19.11.tgz",
      "integrity": "sha512-FnkrO3TEujzn+HB3QhSCmtguvDnEYth7xJQWgD+NvFnJdrUlPxN9+/L+1esSTWindo5+07H0Is6Fgv/nXMQswA==",
      "cpu": [
        "arm64"
      ],
      "dev": true,
      "optional": true,
      "os": [
        "freebsd"
      ],
      "engines": {
        "node": ">=12"
      }
    },
    "node_modules/@esbuild/freebsd-x64": {
      "version": "0.19.11",
      "resolved": "https://registry.npmjs.org/@esbuild/freebsd-x64/-/freebsd-x64-0.19.11.tgz",
      "integrity": "sha512-JkUqn44AFFnRvD2yJ5FSIHHVDv/yyTzxAZeVe1bD5P1Q+VyVjRIQ2qoH8+qhMs/SEz2EVeo/FRibsdAxc27ZIw==",
      "cpu": [
        "x64"
      ],
      "dev": true,
      "optional": true,
      "os": [
        "freebsd"
      ],
      "engines": {
        "node": ">=12"
      }
    },
    "node_modules/@esbuild/linux-arm": {
      "version": "0.19.11",
      "resolved": "https://registry.npmjs.org/@esbuild/linux-arm/-/linux-arm-0.19.11.tgz",
      "integrity": "sha512-3rYAqIiNBLhIpITD5fLUI2aXJ+5YRMCTxIPrp/JF2FVOA3l8nUDA40hvNcnqKTTYbi1LCVuXvKJl0nO12+Cww==",
      "cpu": [
        "arm"
      ],
      "dev": true,
      "optional": true,
      "os": [
        "linux"
      ],
      "engines": {
        "node": ">=12"
      }
    },
    "node_modules/@esbuild/linux-arm64": {
      "version": "0.19.11",
      "resolved": "https://registry.npmjs.org/@esbuild/linux-arm64/-/linux-arm64-0.19.11.tgz",
      "integrity": "sha512-LnAB0XUdDAKcoPEXu3Avxzx/6V6vykdpH6FM9ifTalrARabU259take44Z9eB+DlH6AwWis+thy+fVMnS8cIw==",
      "cpu": [
        "arm64"
      ],
      "dev": true,
      "optional": true,
      "os": [
        "linux"
      ],
      "engines": {
        "node": ">=12"
      }
    },
    "node_modules/@esbuild/linux-ia32": {
      "version": "0.19.11",
      "resolved": "https://registry.npmjs.org/@esbuild/linux-ia32/-/linux-ia32-0.19.11.tgz",
      "integrity": "sha512-caJ14KHt092E+Pz9YzV1H/YZeXxmNqB5/xNQCRQWNR5MEkMUGSHtWEe5NqNS21SGlSGgVTG57nsZWWNnicmoDQ==",
      "cpu": [
        "ia32"
      ],
      "dev": true,
      "optional": true,
      "os": [
        "linux"
      ],
      "engines": {
        "node": ">=12"
      }
    },
    "node_modules/@esbuild/linux-loong64": {
      "version": "0.19.11",
      "resolved": "https://registry.npmjs.org/@esbuild/linux-loong64/-/linux-loong64-0.19.11.tgz",
      "integrity": "sha512-xvjxDrXekfvnxMnWDpu0vGccQXmAB9usFBAXfu3+illEjSKlyOCdB5pzMoqnI6TNUeVrKcqHwWtW03+wYcPLmw==",
      "cpu": [
        "loong64"
      ],
      "dev": true,
      "optional": true,
      "os": [
        "linux"
      ],
      "engines": {
        "node": ">=12"
      }
    },
    "node_modules/@esbuild/linux-mips64el": {
      "version": "0.19.11",
      "resolved": "https://registry.npmjs.org/@esbuild/linux-mips64el/-/linux-mips64el-0.19.11.tgz",
      "integrity": "sha512-B5x9J6yhDkAcyGcCiL/15CcBiV5+CCOA0c3com3PmKR0xcqrTIZeS2/W4IpM6FSLyVVSo/VKHx33/Zx542JHYw==",
      "cpu": [
        "mips64el"
      ],
      "dev": true,
      "optional": true,
      "os": [
        "linux"
      ],
      "engines": {
        "node": ">=12"
      }
    },
    "node_modules/@esbuild/linux-ppc64": {
      "version": "0.19.11",
      "resolved": "https://registry.npmjs.org/@esbuild/linux-ppc64/-/linux-ppc64-0.19.11.tgz",
      "integrity": "sha512-MHrZyKHuIm+8jITd5f5vXIALt8Jvq++5fqGdyNx3UxIkXO8+rnz86grBXAf+nwpNiq923v5Salt8P1zOw5fvA==",
      "cpu": [
        "ppc64"
      ],
      "dev": true,
      "optional": true,
      "os": [
        "linux"
      ],
      "engines": {
        "node": ">=12"
      }
    },
    "node_modules/@esbuild/linux-riscv64": {
      "version": "0.19.11",
      "resolved": "https://registry.npmjs.org/@esbuild/linux-riscv64/-/linux-riscv64-0.19.11.tgz",
      "integrity": "sha512-f3DY7u+yBSrxsmY3+LRAF/T8vDLtYVZ2IFP8ZWxNQch2OSuJmCcff3tEEQDlZ7zV00Gt7CD1XH5zaKVjCYW5Q==",
      "cpu": [
        "riscv64"
      ],
      "dev": true,
      "optional": true,
      "os": [
        "linux"
      ],
      "engines": {
        "node": ">=12"
      }
    },
    "node_modules/@esbuild/linux-s390x": {
      "version": "0.19.11",
      "resolved": "https://registry.npmjs.org/@esbuild/linux-s390x/-/linux-s390x-0.19.11.tgz",
      "integrity": "sha512-/x8+AMIkNW1BrFGc6zoWMMoQ/5tu4CKkjx1u8so6ZPDI6JSUJzUc//4XJ0XO+nxKBEC0V+xPEowAMoLY+QSTOA==",
      "cpu": [
        "s390x"
      ],
      "dev": true,
      "optional": true,
      "os": [
        "linux"
      ],
      "engines": {
        "node": ">=12"
      }
    },
    "node_modules/@esbuild/linux-x64": {
      "version": "0.19.11",
      "resolved": "https://registry.npmjs.org/@esbuild/linux-x64/-/linux-x64-0.19.11.tgz",
      "integrity": "sha512-grNbHUV1e8I3qLcI+35NHV7loNuL5cSUG7F7PgP5Mo5dn8JwC82FC2QVRCON4nMAwXR6DH7646+Kyck7fsKLw==",
      "cpu": [
        "x64"
      ],
      "dev": true,
      "optional": true,
      "os": [
        "linux"
      ],
      "engines": {
        "node": ">=12"
      }
    },
    "node_modules/@esbuild/netbsd-x64": {
      "version": "0.19.11",
      "resolved": "https://registry.npmjs.org/@esbuild/netbsd-x64/-/netbsd-x64-0.19.11.tgz",
      "integrity": "sha512-13eSWWw7nXKt56QyN2c8Vl+myfaCMFcP2C8z7DotjbD84XeP7MrQyf4N+sPRrWMisR/E+s/56Rcalypbh8gPw==",
      "cpu": [
        "x64"
      ],
      "dev": true,
      "optional": true,
      "os": [
        "netbsd"
      ],
      "engines": {
        "node": ">=12"
      }
    },
    "node_modules/@esbuild/openbsd-arm64": {
      "version": "0.19.11",
      "resolved": "https://registry.npmjs.org/@esbuild/openbsd-arm64/-/openbsd-arm64-0.19.11.tgz",
      "integrity": "sha512-/KwIScnHfPO8dEiXxj5+5+kSI9FgzmjW2b2 Opgevf/5NZJjUHMXWri+8aLYW/rBxPuADwfWY3dz+g/wfjVvKOQ==",
      "cpu": [
        "arm64"
      ],
      "dev": true,
      "optional": true,
      "os": [
        "openbsd"
      ],
      "engines": {
        "node": ">=12"
      }
    },
    "node_modules/@esbuild/openbsd-x64": {
      "version": "0.19.11",
      "resolved": "https://registry.npmjs.org/@esbuild/openbsd-x64/-/openbsd-x64-0.19.11.tgz",
      "integrity": "sha512-ysyOvlvt1Xhs+E1Z9u8p1XfoC3yYCXZ0jSI8zCKRS0XVXxRvVfQW9itsmapBmS3c1CIxcGaG6NPvXUXQo56ZEw==",
      "cpu": [
        "x64"
      ],
      "dev": true,
      "optional": true,
      "os": [
        "openbsd"
      ],
      "engines": {
        "node": ">=12"
      }
    },
    "node_modules/@esbuild/sunos-x64": {
      "version": "0.19.11",
      "resolved": "https://registry.npmjs.org/@esbuild/sunos-x64/-/sunos-x64-0.19.11.tgz",
      "integrity": "sha512-JkUqn44AFFnRvD2yJ5FSIHHVDv/yyTzxAZeVe1bD5P1Q+VyVjRIQ2qoH8+qhMs/SEz2EVeo/FRibsdAxc27ZIw==",
      "cpu": [
        "x64"
      ],
      "dev": true,
      "optional": true,
      "os": [
        "sunos"
      ],
      "engines": {
        "node": ">=12"
      }
    },
    "node_modules/@esbuild/win32-arm64": {
      "version": "0.19.11",
      "resolved": "https://registry.npmjs.org/@esbuild/win32-arm64/-/win32-arm64-0.19.11.tgz",
      "integrity": "sha512-0u2nWWKUUXgiJPbNQwqVH2UzXawMXo2XT2dEHXZAhXvWJSglmwqqrLoR8+FST5+gg5JKBQRXcF9jKJCDKoux+g==",
      "cpu": [
        "arm64"
      ],
      "dev": true,
      "optional": true,
      "os": [
        "win32"
      ],
      "engines": {
        "node": ">=12"
      }
    },
    "node_modules/@esbuild/win32-ia32": {
      "version": "0.19.11",
      "resolved": "https://registry.npmjs.org/@esbuild/win32-ia32/-/win32-ia32-0.19.11.tgz",
      "integrity": "sha512-6GzxISV+I8j/xL+qNdMQjB4hlw9ZangQEB6Rae2O0ByobnWnc2D/4yhuZwralF6slHcKhu0TJPcYL+gN9psFw==",
      "cpu": [
        "ia32"
      ],
      "dev": true,
      "optional": true,
      "os": [
        "win32"
      ],
      "engines": {
        "node": ">=12"
      }
    },
    "node_modules/@esbuild/win32-x64": {
      "version": "0.19.11",
      "resolved": "https://registry.npmjs.org/@esbuild/win32-x64/-/win32-x64-0.19.11.tgz",
      "integrity": "sha512-vQw8cHLRH311bCnfXi06j3nH11/k6W/jnmAsWBRQb40/K7ELDd900NcxX5JJhLunta1+gksvXHp+in5QFkuPJg==",
      "cpu": [
        "x64"
      ],
      "dev": true,
      "optional": true,
      "os": [
        "win32"
      ],
      "engines": {
        "node": ">=12"
      }
    },
    "node_modules/@vitejs/plugin-react": {
      "version": "4.2.0",
      "resolved": "https://registry.npmjs.org/@vitejs/plugin-react/-/plugin-react-4.2.0.tgz",
      "integrity": "sha512-+4MjHrNwV8y5KK+RuG76pb5R84bgGl+b+1gQksVCOcR72n0XyjVT8+yKzv5awzq+SNuKoUtoS26fnvihuQezKw==",
      "dev": true,
      "dependencies": {
        "@babel/code-frame": "^7.23.5",
        "@babel/helper-validator-identifier": "^7.22.20",
        "@babel/parser": "^7.23.5",
        "@babel/plugin-transform-react-jsx": "^7.23.4",
        "@babel/plugin-transform-react-jsx-development": "^7.23.4",
        "@babel/types": "^7.23.5",
        "react-refresh": "^0.14.0"
      },
      "peerDependencies": {
        "vite": "^4.2.0 || ^5.0.0-0"
      }
    },
    "node_modules/@babel/parser": {
      "version": "7.23.5",
      "resolved": "https://registry.npmjs.org/@babel/parser/-/parser-7.23.5.tgz",
      "integrity": "sha512-hOOqoiNXrmGdFbZIQNfN5+o02tcthIlIAVfhNWWtaC45hIc+2XEQyxkdgup+4oL8puCntsQ+Q905a62yV0QaJw==",
      "dev": true,
      "bin": {
        "parser": "bin/babel-parser.js"
      },
      "engines": {
        "node": ">=6.0.0"
      }
    },
    "node_modules/@babel/plugin-transform-react-jsx": {
      "version": "7.23.4",
      "resolved": "https://registry.npmjs.org/@babel/plugin-transform-react-jsx/-/plugin-transform-react-jsx-7.23.4.tgz",
      "integrity": "sha512-PrxftsJmsTGQQnWwUINLVLIo3qdlvP6IiMXe2xXyEqIc/VgJekBMeWs9Uo+6QX2qKpqIAzhVQcMvPQNBeeuqTw==",
      "dev": true,
      "dependencies": {
        "@babel/helper-annotate-as-pure": "^7.22.5",
        "@babel/helper-module-imports": "^7.22.15",
        "@babel/helper-plugin-utils": "^7.23.0",
        "@babel/plugin-syntax-jsx": "^7.23.3",
        "@babel/types": "^7.23.4"
      },
      "engines": {
        "node": ">=6.9.0"
      },
      "peerDependencies": {
        "@babel/core": "^7.0.0-0"
      }
    },
    "node_modules/@babel/helper-annotate-as-pure": {
      "version": "7.22.5",
      "resolved": "https://registry.npmjs.org/@babel/helper-annotate-as-pure/-/helper-annotate-as-pure-7.22.5.tgz",
      "integrity": "sha512-LvBTxlYOJ8u+IxkKBj7sMZkqkARuslUvD2urQz/q4q5SF3+dy7IIm+jlNCWrdVMm87zNQsTNA7EP0gv6pFJ7w==",
      "dev": true,
      "dependencies": {
        "@babel/types": "^7.22.5"
      },
      "engines": {
        "node": ">=6.9.0"
      }
    },
    "node_modules/@babel/helper-module-imports": {
      "version": "7.22.15",
      "resolved": "https://registry.npmjs.org/@babel/helper-module-imports/-/helper-module-imports-7.22.15.tgz",
      "integrity": "sha512-0pYVBnDKZO2fnSPCrgM/6WMc7eS20Fbok+0r88fyewND0BHZVvWtvlJkGk9P39jWNw/C/LUJHvPM/VGL+gNMA==",
      "dev": true,
      "dependencies": {
        "@babel/types": "^7.22.15"
      },
      "engines": {
        "node": ">=6.9.0"
      }
    },
    "node_modules/@babel/helper-plugin-utils": {
      "version": "7.23.0",
      "resolved": "https://registry.npmjs.org/@babel/helper-plugin-utils/-/helper-plugin-utils-7.23.0.tgz",
      "integrity": "sha512-XtYyQcSSnfBEjVeuxSv69m4yeWQZT+nsiS00N2lycqn53g5sSMN7g6qWaICWeAq5jLAKXZqv3A3LC6DnAkJ+g==",
      "dev": true,
      "engines": {
        "node": ">=6.9.0"
      }
    },
    "node_modules/@babel/plugin-syntax-jsx": {
      "version": "7.23.3",
      "resolved": "https://registry.npmjs.org/@babel/plugin-syntax-jsx/-/plugin-syntax-jsx-7.23.3.tgz",
      "integrity": "sha512-EB2MELCuet1d251UCVUQ6CTIPrqvstNdp1vpG6rdgyWgEUtvCmMlv3BPJcVV16KsOkoFvXc7PrAwAlCa2FSheQ==",
      "dev": true,
      "dependencies": {
        "@babel/helper-plugin-utils": "^7.23.0"
      },
      "engines": {
        "node": ">=6.9.0"
      }
    },
    "node_modules/@babel/plugin-transform-react-jsx-development": {
      "version": "7.23.4",
      "resolved": "https://registry.npmjs.org/@babel/plugin-transform-react-jsx-development/-/plugin-transform-react-jsx-development-7.23.4.tgz",
      "integrity": "sha512-jtHRVzvHf2jKsSmkkybQW50S3vs60PjGWbIm5QEv2SSZJYL4MIvDyProg6Ctj1sAPO1vtIcyOeMgGIn3+jSStQ==",
      "dev": true,
      "dependencies": {
        "@babel/plugin-transform-react-jsx": "^7.23.4"
      },
      "engines": {
        "node": ">=6.9.0"
      }
    },
    "node_modules/@babel/types": {
      "version": "7.23.5",
      "resolved": "https://registry.npmjs.org/@babel/types/-/types-7.23.5.tgz",
      "integrity": "sha512-ON5kSOJwEQllWmDmkwRNkRgrQgnFrmuLII/byRnVX69jhY/tokLM7Uxs9PUQU5t7+DM4CmkWL2FA8E8ouydvtQ==",
      "dev": true,
      "dependencies": {
        "@babel/helper-validator-identifier": "^7.22.20",
        "to-fast-properties": "^2.0.0"
      },
      "engines": {
        "node": ">=6.9.0"
      }
    },
    "node_modules/asynckit": {
      "version": "0.4.0",
      "resolved": "https://registry.npmjs.org/asynckit/-/asynckit-0.4.0.tgz",
      "integrity": "sha512-Oei9OH4tRh0YqU3GxhX79dM/mwVgvbZJaSNaRk+bomXa6LSAstj/36gkzrrqc3FSVeapusY6kskT5Zyi1z5D+8Q=="
    },
    "node_modules/axios": {
      "version": "1.6.0",
      "resolved": "https://registry.npmjs.org/axios/-/axios-1.6.0.tgz",
      "integrity": "sha512-V4nsKAagf/UFbfWvj/QDtNvvPvBL0r65E6ffMstujnNPXwXVsXARB5mCkxXAHxRtJD1b0t6/nqIGOae3f1nsCw==",
      "dependencies": {
        "follow-redirects": "^1.3.0",
        "form-data": "^4.0.0",
        "proxy-from-env": "^1.1.0"
      }
    },
    "node_modules/combined-stream": {
      "version": "1.0.8",
      "resolved": "https://registry.npmjs.org/combined-stream/-/combined-stream-1.0.8.tgz",
      "integrity": "sha512-FQN4MRfuJeHf7cH19OMuCDzCn+Ahf8dhQEL8+r1U6mB3sBCwwaN8VV5+ywWvTUcYMYEEEwMHUVtJZen/1c7V0w==",
      "dependencies": {
        "delayed-stream": "~1.0.0"
      },
      "engines": {
        "node": ">= 0.8"
      }
    },
    "node_modules/delayed-stream": {
      "version": "1.0.0",
      "resolved": "https://registry.npmjs.org/delayed-stream/-/delayed-stream-1.0.0.tgz",
      "integrity":
